
Microsoft Visual Studio Solution File, Format Version 12.00
# Visual Studio Version 16
VisualStudioVersion = 16.0.810.17
MinimumVisualStudioVersion = 10.0.40219.1
Project("{FAE04EC0-301F-11D3-BF4B-00C04F79EFBC}") = "Mission7", "Mission7\Mission7.csproj", "{D2236FDB-9255-4930-B073-3D128DEC1982}"
EndProject
Global
	GlobalSection(SolutionConfigurationPlatforms) = preSolution
		Debug|Any CPU = Debug|Any CPU
		Release|Any CPU = Release|Any CPU
	EndGlobalSection
	GlobalSection(ProjectConfigurationPlatforms) = postSolution
		{D2236FDB-9255-4930-B073-3D128DEC1982}.Debug|Any CPU.ActiveCfg = Debug|Any CPU
		{D2236FDB-9255-4930-B073-3D128DEC1982}.Debug|Any CPU.Build.0 = Debug|Any CPU
		{D2236FDB-9255-4930-B073-3D128DEC1982}.Release|Any CPU.ActiveCfg = Release|Any CPU
		{D2236FDB-9255-4930-B073-3D128DEC1982}.Release|Any CPU.Build.0 = Release|Any CPU
	EndGlobalSection
	GlobalSection(SolutionProperties) = preSolution
		HideSolutionNode = FALSE
	EndGlobalSection
	GlobalSection(ExtensibilityGlobals) = postSolution
		SolutionGuid = {B9544F5D-EB33-4CA1-9C2E-ACA3B58FA3F5}
	EndGlobalSection
EndGlobal
